// !$*UTF8*$!
{
	archiveVersion = 1;
	classes = {
	};
	objectVersion = 46;
	objects = {

/* Begin PBXBuildFile section */
		E95EB371177071E80027A0F9 /* Foundation.framework in Frameworks */ = {isa = PBXBuildFile; fileRef = E95EB370177071E80027A0F9 /* Foundation.framework */; };
		E95EB376177071E80027A0F9 /* WDSTranslator.h in CopyFiles */ = {isa = PBXBuildFile; fileRef = E95EB375177071E80027A0F9 /* WDSTranslator.h */; };
		E95EB378177071E80027A0F9 /* WDSTranslator.m in Sources */ = {isa = PBXBuildFile; fileRef = E95EB377177071E80027A0F9 /* WDSTranslator.m */; };
		E95EB380177071E80027A0F9 /* SenTestingKit.framework in Frameworks */ = {isa = PBXBuildFile; fileRef = E95EB37F177071E80027A0F9 /* SenTestingKit.framework */; };
		E95EB383177071E80027A0F9 /* Foundation.framework in Frameworks */ = {isa = PBXBuildFile; fileRef = E95EB370177071E80027A0F9 /* Foundation.framework */; };
		E95EB386177071E80027A0F9 /* libTranslator.a in Frameworks */ = {isa = PBXBuildFile; fileRef = E95EB36D177071E80027A0F9 /* libTranslator.a */; };
		E95EB38C177071E80027A0F9 /* InfoPlist.strings in Resources */ = {isa = PBXBuildFile; fileRef = E95EB38A177071E80027A0F9 /* InfoPlist.strings */; };
		E95EB38F177071E80027A0F9 /* WDSTranslatorTests.m in Sources */ = {isa = PBXBuildFile; fileRef = E95EB38E177071E80027A0F9 /* WDSTranslatorTests.m */; };
		E95EB3991770759B0027A0F9 /* UIKit.framework in Frameworks */ = {isa = PBXBuildFile; fileRef = E95EB3981770759B0027A0F9 /* UIKit.framework */; };
		E95EB39B17708F500027A0F9 /* translations.pl.plist in Resources */ = {isa = PBXBuildFile; fileRef = E95EB39A17708F500027A0F9 /* translations.pl.plist */; };
		E95EB39E17708F790027A0F9 /* translations.fr.plist in Resources */ = {isa = PBXBuildFile; fileRef = E95EB39D17708F790027A0F9 /* translations.fr.plist */; };
/* End PBXBuildFile section */

/* Begin PBXContainerItemProxy section */
		E95EB384177071E80027A0F9 /* PBXContainerItemProxy */ = {
			isa = PBXContainerItemProxy;
			containerPortal = E95EB365177071E80027A0F9 /* Project object */;
			proxyType = 1;
			remoteGlobalIDString = E95EB36C177071E80027A0F9;
			remoteInfo = Translator;
		};
/* End PBXContainerItemProxy section */

/* Begin PBXCopyFilesBuildPhase section */
		E95EB36B177071E80027A0F9 /* CopyFiles */ = {
			isa = PBXCopyFilesBuildPhase;
			buildActionMask = 2147483647;
			dstPath = "include/${PRODUCT_NAME}";
			dstSubfolderSpec = 16;
			files = (
				E95EB376177071E80027A0F9 /* WDSTranslator.h in CopyFiles */,
			);
			runOnlyForDeploymentPostprocessing = 0;
		};
/* End PBXCopyFilesBuildPhase section */

/* Begin PBXFileReference section */
		E95EB36D177071E80027A0F9 /* libTranslator.a */ = {isa = PBXFileReference; explicitFileType = archive.ar; includeInIndex = 0; path = libTranslator.a; sourceTree = BUILT_PRODUCTS_DIR; };
		E95EB370177071E80027A0F9 /* Foundation.framework */ = {isa = PBXFileReference; lastKnownFileType = wrapper.framework; name = Foundation.framework; path = System/Library/Frameworks/Foundation.framework; sourceTree = SDKROOT; };
		E95EB374177071E80027A0F9 /* Translator-Prefix.pch */ = {isa = PBXFileReference; lastKnownFileType = sourcecode.c.h; path = "Translator-Prefix.pch"; sourceTree = "<group>"; };
		E95EB375177071E80027A0F9 /* WDSTranslator.h */ = {isa = PBXFileReference; lastKnownFileType = sourcecode.c.h; path = WDSTranslator.h; sourceTree = "<group>"; };
		E95EB377177071E80027A0F9 /* WDSTranslator.m */ = {isa = PBXFileReference; lastKnownFileType = sourcecode.c.objc; path = WDSTranslator.m; sourceTree = "<group>"; };
		E95EB37E177071E80027A0F9 /* TranslatorTests.octest */ = {isa = PBXFileReference; explicitFileType = wrapper.cfbundle; includeInIndex = 0; path = TranslatorTests.octest; sourceTree = BUILT_PRODUCTS_DIR; };
		E95EB37F177071E80027A0F9 /* SenTestingKit.framework */ = {isa = PBXFileReference; lastKnownFileType = wrapper.framework; name = SenTestingKit.framework; path = Library/Frameworks/SenTestingKit.framework; sourceTree = DEVELOPER_DIR; };
		E95EB389177071E80027A0F9 /* TranslatorTests-Info.plist */ = {isa = PBXFileReference; lastKnownFileType = text.plist.xml; path = "TranslatorTests-Info.plist"; sourceTree = "<group>"; };
		E95EB38B177071E80027A0F9 /* en */ = {isa = PBXFileReference; lastKnownFileType = text.plist.strings; name = en; path = en.lproj/InfoPlist.strings; sourceTree = "<group>"; };
		E95EB38D177071E80027A0F9 /* WDSTranslatorTests.h */ = {isa = PBXFileReference; lastKnownFileType = sourcecode.c.h; path = WDSTranslatorTests.h; sourceTree = "<group>"; };
		E95EB38E177071E80027A0F9 /* WDSTranslatorTests.m */ = {isa = PBXFileReference; lastKnownFileType = sourcecode.c.objc; path = WDSTranslatorTests.m; sourceTree = "<group>"; };
		E95EB3981770759B0027A0F9 /* UIKit.framework */ = {isa = PBXFileReference; lastKnownFileType = wrapper.framework; name = UIKit.framework; path = System/Library/Frameworks/UIKit.framework; sourceTree = SDKROOT; };
		E95EB39A17708F500027A0F9 /* translations.pl.plist */ = {isa = PBXFileReference; fileEncoding = 4; lastKnownFileType = text.plist.xml; path = translations.pl.plist; sourceTree = "<group>"; };
		E95EB39D17708F790027A0F9 /* translations.fr.plist */ = {isa = PBXFileReference; fileEncoding = 4; lastKnownFileType = text.plist.xml; path = translations.fr.plist; sourceTree = "<group>"; };
/* End PBXFileReference section */

/* Begin PBXFrameworksBuildPhase section */
		E95EB36A177071E80027A0F9 /* Frameworks */ = {
			isa = PBXFrameworksBuildPhase;
			buildActionMask = 2147483647;
			files = (
				E95EB3991770759B0027A0F9 /* UIKit.framework in Frameworks */,
				E95EB371177071E80027A0F9 /* Foundation.framework in Frameworks */,
			);
			runOnlyForDeploymentPostprocessing = 0;
		};
		E95EB37A177071E80027A0F9 /* Frameworks */ = {
			isa = PBXFrameworksBuildPhase;
			buildActionMask = 2147483647;
			files = (
				E95EB380177071E80027A0F9 /* SenTestingKit.framework in Frameworks */,
				E95EB383177071E80027A0F9 /* Foundation.framework in Frameworks */,
				E95EB386177071E80027A0F9 /* libTranslator.a in Frameworks */,
			);
			runOnlyForDeploymentPostprocessing = 0;
		};
/* End PBXFrameworksBuildPhase section */

/* Begin PBXGroup section */
		E95EB364177071E80027A0F9 = {
			isa = PBXGroup;
			children = (
				E95EB372177071E80027A0F9 /* Translator */,
				E95EB387177071E80027A0F9 /* TranslatorTests */,
				E95EB36F177071E80027A0F9 /* Frameworks */,
				E95EB36E177071E80027A0F9 /* Products */,
			);
			sourceTree = "<group>";
		};
		E95EB36E177071E80027A0F9 /* Products */ = {
			isa = PBXGroup;
			children = (
				E95EB36D177071E80027A0F9 /* libTranslator.a */,
				E95EB37E177071E80027A0F9 /* TranslatorTests.octest */,
			);
			name = Products;
			sourceTree = "<group>";
		};
		E95EB36F177071E80027A0F9 /* Frameworks */ = {
			isa = PBXGroup;
			children = (
				E95EB3981770759B0027A0F9 /* UIKit.framework */,
				E95EB370177071E80027A0F9 /* Foundation.framework */,
				E95EB37F177071E80027A0F9 /* SenTestingKit.framework */,
			);
			name = Frameworks;
			sourceTree = "<group>";
		};
		E95EB372177071E80027A0F9 /* Translator */ = {
			isa = PBXGroup;
			children = (
				E95EB375177071E80027A0F9 /* WDSTranslator.h */,
				E95EB377177071E80027A0F9 /* WDSTranslator.m */,
				E95EB373177071E80027A0F9 /* Supporting Files */,
			);
			path = Translator;
			sourceTree = "<group>";
		};
		E95EB373177071E80027A0F9 /* Supporting Files */ = {
			isa = PBXGroup;
			children = (
				E95EB374177071E80027A0F9 /* Translator-Prefix.pch */,
			);
			name = "Supporting Files";
			sourceTree = "<group>";
		};
		E95EB387177071E80027A0F9 /* TranslatorTests */ = {
			isa = PBXGroup;
			children = (
				E95EB39C17708F5A0027A0F9 /* Resources */,
				E95EB38D177071E80027A0F9 /* WDSTranslatorTests.h */,
				E95EB38E177071E80027A0F9 /* WDSTranslatorTests.m */,
				E95EB388177071E80027A0F9 /* Supporting Files */,
			);
			path = TranslatorTests;
			sourceTree = "<group>";
		};
		E95EB388177071E80027A0F9 /* Supporting Files */ = {
			isa = PBXGroup;
			children = (
				E95EB389177071E80027A0F9 /* TranslatorTests-Info.plist */,
				E95EB38A177071E80027A0F9 /* InfoPlist.strings */,
			);
			name = "Supporting Files";
			sourceTree = "<group>";
		};
		E95EB39C17708F5A0027A0F9 /* Resources */ = {
			isa = PBXGroup;
			children = (
				E95EB39A17708F500027A0F9 /* translations.pl.plist */,
				E95EB39D17708F790027A0F9 /* translations.fr.plist */,
			);
			name = Resources;
			sourceTree = "<group>";
		};
/* End PBXGroup section */

/* Begin PBXNativeTarget section */
		E95EB36C177071E80027A0F9 /* Translator */ = {
			isa = PBXNativeTarget;
			buildConfigurationList = E95EB392177071E80027A0F9 /* Build configuration list for PBXNativeTarget "Translator" */;
			buildPhases = (
				E95EB369177071E80027A0F9 /* Sources */,
				E95EB36A177071E80027A0F9 /* Frameworks */,
				E95EB36B177071E80027A0F9 /* CopyFiles */,
			);
			buildRules = (
			);
			dependencies = (
			);
			name = Translator;
			productName = Translator;
			productReference = E95EB36D177071E80027A0F9 /* libTranslator.a */;
			productType = "com.apple.product-type.library.static";
		};
		E95EB37D177071E80027A0F9 /* TranslatorTests */ = {
			isa = PBXNativeTarget;
			buildConfigurationList = E95EB395177071E80027A0F9 /* Build configuration list for PBXNativeTarget "TranslatorTests" */;
			buildPhases = (
				E95EB379177071E80027A0F9 /* Sources */,
				E95EB37A177071E80027A0F9 /* Frameworks */,
				E95EB37B177071E80027A0F9 /* Resources */,
				E95EB37C177071E80027A0F9 /* ShellScript */,
			);
			buildRules = (
			);
			dependencies = (
				E95EB385177071E80027A0F9 /* PBXTargetDependency */,
			);
			name = TranslatorTests;
			productName = TranslatorTests;
			productReference = E95EB37E177071E80027A0F9 /* TranslatorTests.octest */;
			productType = "com.apple.product-type.bundle";
		};
/* End PBXNativeTarget section */

/* Begin PBXProject section */
		E95EB365177071E80027A0F9 /* Project object */ = {
			isa = PBXProject;
			attributes = {
				LastUpgradeCheck = 0460;
				ORGANIZATIONNAME = "WEB DESIGN STUDIO Sebastian Owodziń";
			};
			buildConfigurationList = E95EB368177071E80027A0F9 /* Build configuration list for PBXProject "Translator" */;
			compatibilityVersion = "Xcode 3.2";
			developmentRegion = English;
			hasScannedForEncodings = 0;
			knownRegions = (
				en,
			);
			mainGroup = E95EB364177071E80027A0F9;
			productRefGroup = E95EB36E177071E80027A0F9 /* Products */;
			projectDirPath = "";
			projectRoot = "";
			targets = (
				E95EB36C177071E80027A0F9 /* Translator */,
				E95EB37D177071E80027A0F9 /* TranslatorTests */,
			);
		};
/* End PBXProject section */

/* Begin PBXResourcesBuildPhase section */
		E95EB37B177071E80027A0F9 /* Resources */ = {
			isa = PBXResourcesBuildPhase;
			buildActionMask = 2147483647;
			files = (
				E95EB38C177071E80027A0F9 /* InfoPlist.strings in Resources */,
				E95EB39B17708F500027A0F9 /* translations.pl.plist in Resources */,
				E95EB39E17708F790027A0F9 /* translations.fr.plist in Resources */,
			);
			runOnlyForDeploymentPostprocessing = 0;
		};
/* End PBXResourcesBuildPhase section */

/* Begin PBXShellScriptBuildPhase section */
		E95EB37C177071E80027A0F9 /* ShellScript */ = {
			isa = PBXShellScriptBuildPhase;
			buildActionMask = 2147483647;
			files = (
			);
			inputPaths = (
			);
			outputPaths = (
			);
			runOnlyForDeploymentPostprocessing = 0;
			shellPath = /bin/sh;
			shellScript = "# Run the unit tests in this test bundle.\n\"${SYSTEM_DEVELOPER_DIR}/Tools/RunUnitTests\"\n";
		};
/* End PBXShellScriptBuildPhase section */

/* Begin PBXSourcesBuildPhase section */
		E95EB369177071E80027A0F9 /* Sources */ = {
			isa = PBXSourcesBuildPhase;
			buildActionMask = 2147483647;
			files = (
				E95EB378177071E80027A0F9 /* WDSTranslator.m in Sources */,
			);
			runOnlyForDeploymentPostprocessing = 0;
		};
		E95EB379177071E80027A0F9 /* Sources */ = {
			isa = PBXSourcesBuildPhase;
			buildActionMask = 2147483647;
			files = (
				E95EB38F177071E80027A0F9 /* WDSTranslatorTests.m in Sources */,
			);
			runOnlyForDeploymentPostprocessing = 0;
		};
/* End PBXSourcesBuildPhase section */

/* Begin PBXTargetDependency section */
		E95EB385177071E80027A0F9 /* PBXTargetDependency */ = {
			isa = PBXTargetDependency;
			target = E95EB36C177071E80027A0F9 /* Translator */;
			targetProxy = E95EB384177071E80027A0F9 /* PBXContainerItemProxy */;
		};
/* End PBXTargetDependency section */

/* Begin PBXVariantGroup section */
		E95EB38A177071E80027A0F9 /* InfoPlist.strings */ = {
			isa = PBXVariantGroup;
			children = (
				E95EB38B177071E80027A0F9 /* en */,
			);
			name = InfoPlist.strings;
			sourceTree = "<group>";
		};
/* End PBXVariantGroup section */

/* Begin XCBuildConfiguration section */
		E95EB390177071E80027A0F9 /* Debug */ = {
			isa = XCBuildConfiguration;
			buildSettings = {
				ALWAYS_SEARCH_USER_PATHS = NO;
				CLANG_CXX_LANGUAGE_STANDARD = "gnu++0x";
				CLANG_CXX_LIBRARY = "libc++";
				CLANG_ENABLE_OBJC_ARC = YES;
				CLANG_WARN_CONSTANT_CONVERSION = YES;
				CLANG_WARN_EMPTY_BODY = YES;
				CLANG_WARN_ENUM_CONVERSION = YES;
				CLANG_WARN_INT_CONVERSION = YES;
				CLANG_WARN__DUPLICATE_METHOD_MATCH = YES;
				COPY_PHASE_STRIP = NO;
				GCC_C_LANGUAGE_STANDARD = gnu99;
				GCC_DYNAMIC_NO_PIC = NO;
				GCC_OPTIMIZATION_LEVEL = 0;
				GCC_PREPROCESSOR_DEFINITIONS = (
					"DEBUG=1",
					"$(inherited)",
				);
				GCC_SYMBOLS_PRIVATE_EXTERN = NO;
				GCC_WARN_ABOUT_RETURN_TYPE = YES;
				GCC_WARN_UNINITIALIZED_AUTOS = YES;
				GCC_WARN_UNUSED_VARIABLE = YES;
				IPHONEOS_DEPLOYMENT_TARGET = 6.1;
				ONLY_ACTIVE_ARCH = YES;
				SDKROOT = iphoneos;
			};
			name = Debug;
		};
		E95EB391177071E80027A0F9 /* Release */ = {
			isa = XCBuildConfiguration;
			buildSettings = {
				ALWAYS_SEARCH_USER_PATHS = NO;
				CLANG_CXX_LANGUAGE_STANDARD = "gnu++0x";
				CLANG_CXX_LIBRARY = "libc++";
				CLANG_ENABLE_OBJC_ARC = YES;
				CLANG_WARN_CONSTANT_CONVERSION = YES;
				CLANG_WARN_EMPTY_BODY = YES;
				CLANG_WARN_ENUM_CONVERSION = YES;
				CLANG_WARN_INT_CONVERSION = YES;
				CLANG_WARN__DUPLICATE_METHOD_MATCH = YES;
				COPY_PHASE_STRIP = YES;
				GCC_C_LANGUAGE_STANDARD = gnu99;
				GCC_WARN_ABOUT_RETURN_TYPE = YES;
				GCC_WARN_UNINITIALIZED_AUTOS = YES;
				GCC_WARN_UNUSED_VARIABLE = YES;
				IPHONEOS_DEPLOYMENT_TARGET = 6.1;
				SDKROOT = iphoneos;
				VALIDATE_PRODUCT = YES;
			};
			name = Release;
		};
		E95EB393177071E80027A0F9 /* Debug */ = {
			isa = XCBuildConfiguration;
			buildSettings = {
				DSTROOT = /tmp/Translator.dst;
				GCC_PRECOMPILE_PREFIX_HEADER = YES;
				GCC_PREFIX_HEADER = "Translator/Translator-Prefix.pch";
				OTHER_LDFLAGS = "-ObjC";
				PRODUCT_NAME = "$(TARGET_NAME)";
				SKIP_INSTALL = YES;
			};
			name = Debug;
		};
		E95EB394177071E80027A0F9 /* Release */ = {
			isa = XCBuildConfiguration;
			buildSettings = {
				DSTROOT = /tmp/Translator.dst;
				GCC_PRECOMPILE_PREFIX_HEADER = YES;
				GCC_PREFIX_HEADER = "Translator/Translator-Prefix.pch";
				OTHER_LDFLAGS = "-ObjC";
				PRODUCT_NAME = "$(TARGET_NAME)";
				SKIP_INSTALL = YES;
			};
			name = Release;
		};
		E95EB396177071E80027A0F9 /* Debug */ = {
			isa = XCBuildConfiguration;
			buildSettings = {
				FRAMEWORK_SEARCH_PATHS = (
					"\"$(SDKROOT)/Developer/Library/Frameworks\"",
					"\"$(DEVELOPER_LIBRARY_DIR)/Frameworks\"",
				);
				GCC_PRECOMPILE_PREFIX_HEADER = YES;
				GCC_PREFIX_HEADER = "Translator/Translator-Prefix.pch";
				INFOPLIST_FILE = "TranslatorTests/TranslatorTests-Info.plist";
				PRODUCT_NAME = "$(TARGET_NAME)";
				WRAPPER_EXTENSION = octest;
			};
			name = Debug;
		};
		E95EB397177071E80027A0F9 /* Release */ = {
			isa = XCBuildConfiguration;
			buildSettings = {
				FRAMEWORK_SEARCH_PATHS = (
					"\"$(SDKROOT)/Developer/Library/Frameworks\"",
					"\"$(DEVELOPER_LIBRARY_DIR)/Frameworks\"",
				);
				GCC_PRECOMPILE_PREFIX_HEADER = YES;
				GCC_PREFIX_HEADER = "Translator/Translator-Prefix.pch";
				INFOPLIST_FILE = "TranslatorTests/TranslatorTests-Info.plist";
				PRODUCT_NAME = "$(TARGET_NAME)";
				WRAPPER_EXTENSION = octest;
			};
			name = Release;
		};
/* End XCBuildConfiguration section */

/* Begin XCConfigurationList section */
		E95EB368177071E80027A0F9 /* Build configuration list for PBXProject "Translator" */ = {
			isa = XCConfigurationList;
			buildConfigurations = (
				E95EB390177071E80027A0F9 /* Debug */,
				E95EB391177071E80027A0F9 /* Release */,
			);
			defaultConfigurationIsVisible = 0;
			defaultConfigurationName = Release;
		};
		E95EB392177071E80027A0F9 /* Build configuration list for PBXNativeTarget "Translator" */ = {
			isa = XCConfigurationList;
			buildConfigurations = (
				E95EB393177071E80027A0F9 /* Debug */,
				E95EB394177071E80027A0F9 /* Release */,
			);
			defaultConfigurationIsVisible = 0;
			defaultConfigurationName = Release;
		};
		E95EB395177071E80027A0F9 /* Build configuration list for PBXNativeTarget "TranslatorTests" */ = {
			isa = XCConfigurationList;
			buildConfigurations = (
				E95EB396177071E80027A0F9 /* Debug */,
				E95EB397177071E80027A0F9 /* Release */,
			);
			defaultConfigurationIsVisible = 0;
			defaultConfigurationName = Release;
		};
/* End XCConfigurationList section */
	};
	rootObject = E95EB365177071E80027A0F9 /* Project object */;
}
